
Microsoft Visual Studio Solution File, Format Version 12.00
# Visual Studio Version 16
VisualStudioVersion = 16.0.29102.190
MinimumVisualStudioVersion = 10.0.40219.1
Project("{FAE04EC0-301F-11D3-BF4B-00C04F79EFBC}") = "Test", "Test.csproj", "{04A4D634-A302-44F8-90EA-880DF2A8465B}"
EndProject
Global
	GlobalSection(SolutionConfigurationPlatforms) = preSolution
		Debug|Any CPU = Debug|Any CPU
		Release|Any CPU = Release|Any CPU
	EndGlobalSection
	GlobalSection(ProjectConfigurationPlatforms) = postSolution
		{04A4D634-A302-44F8-90EA-880DF2A8465B}.Debug|Any CPU.ActiveCfg = Debug|Any CPU
		{04A4D634-A302-44F8-90EA-880DF2A8465B}.Debug|Any CPU.Build.0 = Debug|Any CPU
		{04A4D634-A302-44F8-90EA-880DF2A8465B}.Release|Any CPU.ActiveCfg = Release|Any CPU
		{04A4D634-A302-44F8-90EA-880DF2A8465B}.Release|Any CPU.Build.0 = Release|Any CPU
	EndGlobalSection
	GlobalSection(SolutionProperties) = preSolution
		HideSolutionNode = FALSE
	EndGlobalSection
	GlobalSection(ExtensibilityGlobals) = postSolution
		SolutionGuid = {79CEACD9-ECB6-4EAC-861E-DEDFF78F602D}
	EndGlobalSection
EndGlobal
